{
  "name": "@agent-commerce-trust/sdk-js",
  "version": "0.1.0-rc.0",
  "lockfileVersion": 3,
  "requires": true,
  "packages": {
    "": {
      "name": "@agent-commerce-trust/sdk-js",
      "version": "0.1.0-rc.0",
      "license": "Apache-2.0",
      "workspaces": [
        "packages/*"
      ],
      "dependencies": {
        "@ap2-travel/profile": "file:../ap2-travel/packages/profile"
      },
      "engines": {
        "node": ">=20"
      }
    },
    "../ap2-travel/packages/profile": {
      "name": "@ap2-travel/profile",
      "version": "0.1.0-rc.0",
      "license": "Apache-2.0",
      "engines": {
        "node": ">=20"
      }
    },
    "node_modules/@agent-commerce-trust/agent": {
      "resolved": "packages/agent",
      "link": true
    },
    "node_modules/@agent-commerce-trust/agent-mcp": {
      "resolved": "packages/agent-mcp",
      "link": true
    },
    "node_modules/@agent-commerce-trust/commerce-mcp": {
      "resolved": "packages/commerce-mcp",
      "link": true
    },
    "node_modules/@agent-commerce-trust/core": {
      "resolved": "packages/core",
      "link": true
    },
    "node_modules/@agent-commerce-trust/supplier": {
      "resolved": "packages/supplier",
      "link": true
    },
    "node_modules/@agent-commerce-trust/verifier": {
      "resolved": "packages/verifier",
      "link": true
    },
    "node_modules/@agent-commerce-trust/witness": {
      "resolved": "packages/witness",
      "link": true
    },
    "node_modules/@ap2-travel/profile": {
      "resolved": "../ap2-travel/packages/profile",
      "link": true
    },
    "packages/agent": {
      "name": "@agent-commerce-trust/agent",
      "version": "0.1.0-rc.0",
      "license": "Apache-2.0",
      "dependencies": {
        "@agent-commerce-trust/core": "0.1.0-rc.0",
        "@ap2-travel/profile": "0.1.0-rc.0"
      },
      "engines": {
        "node": ">=20"
      }
    },
    "packages/agent-mcp": {
      "name": "@agent-commerce-trust/agent-mcp",
      "version": "0.1.0-rc.0",
      "license": "Apache-2.0",
      "dependencies": {
        "@agent-commerce-trust/core": "0.1.0-rc.0"
      },
      "engines": {
        "node": ">=20"
      }
    },
    "packages/commerce-mcp": {
      "name": "@agent-commerce-trust/commerce-mcp",
      "version": "0.1.0-rc.0",
      "license": "Apache-2.0",
      "dependencies": {
        "@agent-commerce-trust/core": "0.1.0-rc.0",
        "@agent-commerce-trust/supplier": "0.1.0-rc.0",
        "@ap2-travel/profile": "0.1.0-rc.0"
      },
      "engines": {
        "node": ">=20"
      }
    },
    "packages/core": {
      "name": "@agent-commerce-trust/core",
      "version": "0.1.0-rc.0",
      "license": "Apache-2.0",
      "dependencies": {
        "@ap2-travel/profile": "0.1.0-rc.0"
      },
      "engines": {
        "node": ">=20"
      }
    },
    "packages/supplier": {
      "name": "@agent-commerce-trust/supplier",
      "version": "0.1.0-rc.0",
      "license": "Apache-2.0",
      "dependencies": {
        "@agent-commerce-trust/core": "0.1.0-rc.0",
        "@ap2-travel/profile": "0.1.0-rc.0"
      },
      "engines": {
        "node": ">=20"
      }
    },
    "packages/verifier": {
      "name": "@agent-commerce-trust/verifier",
      "version": "0.1.0-rc.0",
      "license": "Apache-2.0",
      "dependencies": {
        "@agent-commerce-trust/core": "0.1.0-rc.0",
        "@ap2-travel/profile": "0.1.0-rc.0"
      },
      "engines": {
        "node": ">=20"
      }
    },
    "packages/witness": {
      "name": "@agent-commerce-trust/witness",
      "version": "0.1.0-rc.0",
      "license": "Apache-2.0",
      "dependencies": {
        "@agent-commerce-trust/core": "0.1.0-rc.0"
      },
      "engines": {
        "node": ">=20"
      }
    }
  }
}
